{
  "name": "telegrambot",
  "version": "1.0.0",
  "lockfileVersion": 1,
  "requires": true,
  "dependencies": {
    "@types/google-apps-script": {
      "version": "0.0.30",
      "resolved": "https://registry.npmjs.org/@types/google-apps-script/-/google-apps-script-0.0.30.tgz",
      "integrity": "sha512-kAFoGATBVI+URxsiogitrENCsx797bPvIRe23kVfEs3V2OgQZAMm4Rxbs0Fkhg8ILVuwUNFEQ24A9IkwGQDgDw=="
    }
  }
}
